
Microsoft Visual Studio Solution File, Format Version 12.00
# Visual Studio Version 17
VisualStudioVersion = 17.7.34024.191
MinimumVisualStudioVersion = 10.0.40219.1
Project("{9A19103F-16F7-4668-BE54-9A1E7A4F7556}") = "LaTaverna-Menu", "LaTaverna-Menu.csproj", "{3AC8CED0-54F7-4EAB-B477-BC2AB3C9DEA5}"
EndProject
Project("{9A19103F-16F7-4668-BE54-9A1E7A4F7556}") = "Data.LaTavernaMenu", "..\Data.LaTavernaMenu\Data.LaTavernaMenu.csproj", "{DCAAB2B1-08A6-47B3-83F5-7DBE0C08C768}"
EndProject
Project("{9A19103F-16F7-4668-BE54-9A1E7A4F7556}") = "Core.LaTavernaMenu", "..\Core.LaTavernaMenu\Core.LaTavernaMenu.csproj", "{1A266133-919C-4FA2-8A00-324E0A76AC2D}"
EndProject
Global
	GlobalSection(SolutionConfigurationPlatforms) = preSolution
		Debug|Any CPU = Debug|Any CPU
		Release|Any CPU = Release|Any CPU
	EndGlobalSection
	GlobalSection(ProjectConfigurationPlatforms) = postSolution
		{3AC8CED0-54F7-4EAB-B477-BC2AB3C9DEA5}.Debug|Any CPU.ActiveCfg = Debug|Any CPU
		{3AC8CED0-54F7-4EAB-B477-BC2AB3C9DEA5}.Debug|Any CPU.Build.0 = Debug|Any CPU
		{3AC8CED0-54F7-4EAB-B477-BC2AB3C9DEA5}.Release|Any CPU.ActiveCfg = Release|Any CPU
		{3AC8CED0-54F7-4EAB-B477-BC2AB3C9DEA5}.Release|Any CPU.Build.0 = Release|Any CPU
		{DCAAB2B1-08A6-47B3-83F5-7DBE0C08C768}.Debug|Any CPU.ActiveCfg = Debug|Any CPU
		{DCAAB2B1-08A6-47B3-83F5-7DBE0C08C768}.Debug|Any CPU.Build.0 = Debug|Any CPU
		{DCAAB2B1-08A6-47B3-83F5-7DBE0C08C768}.Release|Any CPU.ActiveCfg = Release|Any CPU
		{DCAAB2B1-08A6-47B3-83F5-7DBE0C08C768}.Release|Any CPU.Build.0 = Release|Any CPU
		{1A266133-919C-4FA2-8A00-324E0A76AC2D}.Debug|Any CPU.ActiveCfg = Debug|Any CPU
		{1A266133-919C-4FA2-8A00-324E0A76AC2D}.Debug|Any CPU.Build.0 = Debug|Any CPU
		{1A266133-919C-4FA2-8A00-324E0A76AC2D}.Release|Any CPU.ActiveCfg = Release|Any CPU
		{1A266133-919C-4FA2-8A00-324E0A76AC2D}.Release|Any CPU.Build.0 = Release|Any CPU
	EndGlobalSection
	GlobalSection(SolutionProperties) = preSolution
		HideSolutionNode = FALSE
	EndGlobalSection
	GlobalSection(ExtensibilityGlobals) = postSolution
		SolutionGuid = {314354B2-BB88-4E55-9E3A-B6FD4F3CBA5B}
	EndGlobalSection
EndGlobal
